// !$*UTF8*$!
{
	archiveVersion = 1;
	classes = {
	};
	objectVersion = 56;
	objects = {

/* Begin PBXBuildFile section */
		FCD87C9C29EB6884003ACDE1 /* HeliosLightClientApp.swift in Sources */ = {isa = PBXBuildFile; fileRef = FCD87C9B29EB6884003ACDE1 /* HeliosLightClientApp.swift */; };
		FCD87CA029EB6887003ACDE1 /* Assets.xcassets in Resources */ = {isa = PBXBuildFile; fileRef = FCD87C9F29EB6887003ACDE1 /* Assets.xcassets */; };
		FCD87CA329EB6887003ACDE1 /* Preview Assets.xcassets in Resources */ = {isa = PBXBuildFile; fileRef = FCD87CA229EB6887003ACDE1 /* Preview Assets.xcassets */; };
		FCD87CAC29EB75FA003ACDE1 /* HeliosKit in Frameworks */ = {isa = PBXBuildFile; productRef = FCD87CAB29EB75FA003ACDE1 /* HeliosKit */; };
/* End PBXBuildFile section */

/* Begin PBXFileReference section */
		FCD87C9829EB6884003ACDE1 /* HeliosLightClient.app */ = {isa = PBXFileReference; explicitFileType = wrapper.application; includeInIndex = 0; path = HeliosLightClient.app; sourceTree = BUILT_PRODUCTS_DIR; };
		FCD87C9B29EB6884003ACDE1 /* HeliosLightClientApp.swift */ = {isa = PBXFileReference; lastKnownFileType = sourcecode.swift; path = HeliosLightClientApp.swift; sourceTree = "<group>"; };
		FCD87C9F29EB6887003ACDE1 /* Assets.xcassets */ = {isa = PBXFileReference; lastKnownFileType = folder.assetcatalog; path = Assets.xcassets; sourceTree = "<group>"; };
		FCD87CA229EB6887003ACDE1 /* Preview Assets.xcassets */ = {isa = PBXFileReference; lastKnownFileType = folder.assetcatalog; path = "Preview Assets.xcassets"; sourceTree = "<group>"; };
		FCD87CA429EB6887003ACDE1 /* HeliosLightClient.entitlements */ = {isa = PBXFileReference; lastKnownFileType = text.plist.entitlements; path = HeliosLightClient.entitlements; sourceTree = "<group>"; };
/* End PBXFileReference section */

/* Begin PBXFrameworksBuildPhase section */
		FCD87C9529EB6884003ACDE1 /* Frameworks */ = {
			isa = PBXFrameworksBuildPhase;
			buildActionMask = 2147483647;
			files = (
				FCD87CAC29EB75FA003ACDE1 /* HeliosKit in Frameworks */,
			);
			runOnlyForDeploymentPostprocessing = 0;
		};
/* End PBXFrameworksBuildPhase section */

/* Begin PBXGroup section */
		FCD87C8F29EB6884003ACDE1 = {
			isa = PBXGroup;
			children = (
				FCD87C9A29EB6884003ACDE1 /* HeliosLightClient */,
				FCD87C9929EB6884003ACDE1 /* Products */,
			);
			sourceTree = "<group>";
		};
		FCD87C9929EB6884003ACDE1 /* Products */ = {
			isa = PBXGroup;
			children = (
				FCD87C9829EB6884003ACDE1 /* HeliosLightClient.app */,
			);
			name = Products;
			sourceTree = "<group>";
		};
		FCD87C9A29EB6884003ACDE1 /* HeliosLightClient */ = {
			isa = PBXGroup;
			children = (
				FCD87C9B29EB6884003ACDE1 /* HeliosLightClientApp.swift */,
				FCD87C9F29EB6887003ACDE1 /* Assets.xcassets */,
				FCD87CA429EB6887003ACDE1 /* HeliosLightClient.entitlements */,
				FCD87CA129EB6887003ACDE1 /* Preview Content */,
			);
			path = HeliosLightClient;
			sourceTree = "<group>";
		};
		FCD87CA129EB6887003ACDE1 /* Preview Content */ = {
			isa = PBXGroup;
			children = (
				FCD87CA229EB6887003ACDE1 /* Preview Assets.xcassets */,
			);
			path = "Preview Content";
			sourceTree = "<group>";
		};
/* End PBXGroup section */

/* Begin PBXNativeTarget section */
		FCD87C9729EB6884003ACDE1 /* HeliosLightClient */ = {
			isa = PBXNativeTarget;
			buildConfigurationList = FCD87CA729EB6887003ACDE1 /* Build configuration list for PBXNativeTarget "HeliosLightClient" */;
			buildPhases = (
				FCD87C9429EB6884003ACDE1 /* Sources */,
				FCD87C9529EB6884003ACDE1 /* Frameworks */,
				FCD87C9629EB6884003ACDE1 /* Resources */,
			);
			buildRules = (
			);
			dependencies = (
			);
			name = HeliosLightClient;
			packageProductDependencies = (
				FCD87CAB29EB75FA003ACDE1 /* HeliosKit */,
			);
			productName = HeliosLightClient;
			productReference = FCD87C9829EB6884003ACDE1 /* HeliosLightClient.app */;
			productType = "com.apple.product-type.application";
		};
/* End PBXNativeTarget section */

/* Begin PBXProject section */
		FCD87C9029EB6884003ACDE1 /* Project object */ = {
			isa = PBXProject;
			attributes = {
				BuildIndependentTargetsInParallel = 1;
				LastSwiftUpdateCheck = 1420;
				LastUpgradeCheck = 1420;
				TargetAttributes = {
					FCD87C9729EB6884003ACDE1 = {
						CreatedOnToolsVersion = 14.2;
					};
				};
			};
			buildConfigurationList = FCD87C9329EB6884003ACDE1 /* Build configuration list for PBXProject "HeliosLightClient" */;
			compatibilityVersion = "Xcode 14.0";
			developmentRegion = en;
			hasScannedForEncodings = 0;
			knownRegions = (
				en,
				Base,
			);
			mainGroup = FCD87C8F29EB6884003ACDE1;
			packageReferences = (
				FCD87CAA29EB75FA003ACDE1 /* XCRemoteSwiftPackageReference "HeliosKit" */,
			);
			productRefGroup = FCD87C9929EB6884003ACDE1 /* Products */;
			projectDirPath = "";
			projectRoot = "";
			targets = (
				FCD87C9729EB6884003ACDE1 /* HeliosLightClient */,
			);
		};
/* End PBXProject section */

/* Begin PBXResourcesBuildPhase section */
		FCD87C9629EB6884003ACDE1 /* Resources */ = {
			isa = PBXResourcesBuildPhase;
			buildActionMask = 2147483647;
			files = (
				FCD87CA329EB6887003ACDE1 /* Preview Assets.xcassets in Resources */,
				FCD87CA029EB6887003ACDE1 /* Assets.xcassets in Resources */,
			);
			runOnlyForDeploymentPostprocessing = 0;
		};
/* End PBXResourcesBuildPhase section */

/* Begin PBXSourcesBuildPhase section */
		FCD87C9429EB6884003ACDE1 /* Sources */ = {
			isa = PBXSourcesBuildPhase;
			buildActionMask = 2147483647;
			files = (
				FCD87C9C29EB6884003ACDE1 /* HeliosLightClientApp.swift in Sources */,
			);
			runOnlyForDeploymentPostprocessing = 0;
		};
/* End PBXSourcesBuildPhase section */

/* Begin XCBuildConfiguration section */
		FCD87CA529EB6887003ACDE1 /* Debug */ = {
			isa = XCBuildConfiguration;
			buildSettings = {
				ALWAYS_SEARCH_USER_PATHS = NO;
				CLANG_ANALYZER_NONNULL = YES;
				CLANG_ANALYZER_NUMBER_OBJECT_CONVERSION = YES_AGGRESSIVE;
				CLANG_CXX_LANGUAGE_STANDARD = "gnu++20";
				CLANG_ENABLE_MODULES = YES;
				CLANG_ENABLE_OBJC_ARC = YES;
				CLANG_ENABLE_OBJC_WEAK = YES;
				CLANG_WARN_BLOCK_CAPTURE_AUTORELEASING = YES;
				CLANG_WARN_BOOL_CONVERSION = YES;
				CLANG_WARN_COMMA = YES;
				CLANG_WARN_CONSTANT_CONVERSION = YES;
				CLANG_WARN_DEPRECATED_OBJC_IMPLEMENTATIONS = YES;
				CLANG_WARN_DIRECT_OBJC_ISA_USAGE = YES_ERROR;
				CLANG_WARN_DOCUMENTATION_COMMENTS = YES;
				CLANG_WARN_EMPTY_BODY = YES;
				CLANG_WARN_ENUM_CONVERSION = YES;
				CLANG_WARN_INFINITE_RECURSION = YES;
				CLANG_WARN_INT_CONVERSION = YES;
				CLANG_WARN_NON_LITERAL_NULL_CONVERSION = YES;
				CLANG_WARN_OBJC_IMPLICIT_RETAIN_SELF = YES;
				CLANG_WARN_OBJC_LITERAL_CONVERSION = YES;
				CLANG_WARN_OBJC_ROOT_CLASS = YES_ERROR;
				CLANG_WARN_QUOTED_INCLUDE_IN_FRAMEWORK_HEADER = YES;
				CLANG_WARN_RANGE_LOOP_ANALYSIS = YES;
				CLANG_WARN_STRICT_PROTOTYPES = YES;
				CLANG_WARN_SUSPICIOUS_MOVE = YES;
				CLANG_WARN_UNGUARDED_AVAILABILITY = YES_AGGRESSIVE;
				CLANG_WARN_UNREACHABLE_CODE = YES;
				CLANG_WARN__DUPLICATE_METHOD_MATCH = YES;
				COPY_PHASE_STRIP = NO;
				DEBUG_INFORMATION_FORMAT = dwarf;
				ENABLE_STRICT_OBJC_MSGSEND = YES;
				ENABLE_TESTABILITY = YES;
				GCC_C_LANGUAGE_STANDARD = gnu11;
				GCC_DYNAMIC_NO_PIC = NO;
				GCC_NO_COMMON_BLOCKS = YES;
				GCC_OPTIMIZATION_LEVEL = 0;
				GCC_PREPROCESSOR_DEFINITIONS = (
					"DEBUG=1",
					"$(inherited)",
				);
				GCC_WARN_64_TO_32_BIT_CONVERSION = YES;
				GCC_WARN_ABOUT_RETURN_TYPE = YES_ERROR;
				GCC_WARN_UNDECLARED_SELECTOR = YES;
				GCC_WARN_UNINITIALIZED_AUTOS = YES_AGGRESSIVE;
				GCC_WARN_UNUSED_FUNCTION = YES;
				GCC_WARN_UNUSED_VARIABLE = YES;
				MACOSX_DEPLOYMENT_TARGET = 13.1;
				MTL_ENABLE_DEBUG_INFO = INCLUDE_SOURCE;
				MTL_FAST_MATH = YES;
				ONLY_ACTIVE_ARCH = YES;
				SDKROOT = macosx;
				SWIFT_ACTIVE_COMPILATION_CONDITIONS = DEBUG;
				SWIFT_OPTIMIZATION_LEVEL = "-Onone";
			};
			name = Debug;
		};
		FCD87CA629EB6887003ACDE1 /* Release */ = {
			isa = XCBuildConfiguration;
			buildSettings = {
				ALWAYS_SEARCH_USER_PATHS = NO;
				CLANG_ANALYZER_NONNULL = YES;
				CLANG_ANALYZER_NUMBER_OBJECT_CONVERSION = YES_AGGRESSIVE;
				CLANG_CXX_LANGUAGE_STANDARD = "gnu++20";
				CLANG_ENABLE_MODULES = YES;
				CLANG_ENABLE_OBJC_ARC = YES;
				CLANG_ENABLE_OBJC_WEAK = YES;
				CLANG_WARN_BLOCK_CAPTURE_AUTORELEASING = YES;
				CLANG_WARN_BOOL_CONVERSION = YES;
				CLANG_WARN_COMMA = YES;
				CLANG_WARN_CONSTANT_CONVERSION = YES;
				CLANG_WARN_DEPRECATED_OBJC_IMPLEMENTATIONS = YES;
				CLANG_WARN_DIRECT_OBJC_ISA_USAGE = YES_ERROR;
				CLANG_WARN_DOCUMENTATION_COMMENTS = YES;
				CLANG_WARN_EMPTY_BODY = YES;
				CLANG_WARN_ENUM_CONVERSION = YES;
				CLANG_WARN_INFINITE_RECURSION = YES;
				CLANG_WARN_INT_CONVERSION = YES;
				CLANG_WARN_NON_LITERAL_NULL_CONVERSION = YES;
				CLANG_WARN_OBJC_IMPLICIT_RETAIN_SELF = YES;
				CLANG_WARN_OBJC_LITERAL_CONVERSION = YES;
				CLANG_WARN_OBJC_ROOT_CLASS = YES_ERROR;
				CLANG_WARN_QUOTED_INCLUDE_IN_FRAMEWORK_HEADER = YES;
				CLANG_WARN_RANGE_LOOP_ANALYSIS = YES;
				CLANG_WARN_STRICT_PROTOTYPES = YES;
				CLANG_WARN_SUSPICIOUS_MOVE = YES;
				CLANG_WARN_UNGUARDED_AVAILABILITY = YES_AGGRESSIVE;
				CLANG_WARN_UNREACHABLE_CODE = YES;
				CLANG_WARN__DUPLICATE_METHOD_MATCH = YES;
				COPY_PHASE_STRIP = NO;
				DEBUG_INFORMATION_FORMAT = "dwarf-with-dsym";
				ENABLE_NS_ASSERTIONS = NO;
				ENABLE_STRICT_OBJC_MSGSEND = YES;
				GCC_C_LANGUAGE_STANDARD = gnu11;
				GCC_NO_COMMON_BLOCKS = YES;
				GCC_WARN_64_TO_32_BIT_CONVERSION = YES;
				GCC_WARN_ABOUT_RETURN_TYPE = YES_ERROR;
				GCC_WARN_UNDECLARED_SELECTOR = YES;
				GCC_WARN_UNINITIALIZED_AUTOS = YES_AGGRESSIVE;
				GCC_WARN_UNUSED_FUNCTION = YES;
				GCC_WARN_UNUSED_VARIABLE = YES;
				MACOSX_DEPLOYMENT_TARGET = 13.1;
				MTL_ENABLE_DEBUG_INFO = NO;
				MTL_FAST_MATH = YES;
				SDKROOT = macosx;
				SWIFT_COMPILATION_MODE = wholemodule;
				SWIFT_OPTIMIZATION_LEVEL = "-O";
			};
			name = Release;
		};
		FCD87CA829EB6887003ACDE1 /* Debug */ = {
			isa = XCBuildConfiguration;
			buildSettings = {
				ASSETCATALOG_COMPILER_APPICON_NAME = AppIcon;
				ASSETCATALOG_COMPILER_GLOBAL_ACCENT_COLOR_NAME = AccentColor;
				CODE_SIGN_ENTITLEMENTS = HeliosLightClient/HeliosLightClient.entitlements;
				CODE_SIGN_STYLE = Automatic;
				COMBINE_HIDPI_IMAGES = YES;
				CURRENT_PROJECT_VERSION = 1;
				DEVELOPMENT_ASSET_PATHS = "\"HeliosLightClient/Preview Content\"";
				DEVELOPMENT_TEAM = 49K39S52K6;
				ENABLE_HARDENED_RUNTIME = YES;
				ENABLE_PREVIEWS = YES;
				GENERATE_INFOPLIST_FILE = YES;
				INFOPLIST_KEY_LSUIElement = YES;
				INFOPLIST_KEY_NSHumanReadableCopyright = "";
				LD_RUNPATH_SEARCH_PATHS = (
					"$(inherited)",
					"@executable_path/../Frameworks",
				);
				MACOSX_DEPLOYMENT_TARGET = 13.0;
				MARKETING_VERSION = 1.0;
				PRODUCT_BUNDLE_IDENTIFIER = com.rkreutz.HeliosLightClient;
				PRODUCT_NAME = "$(TARGET_NAME)";
				SWIFT_EMIT_LOC_STRINGS = YES;
				SWIFT_VERSION = 5.0;
			};
			name = Debug;
		};
		FCD87CA929EB6887003ACDE1 /* Release */ = {
			isa = XCBuildConfiguration;
			buildSettings = {
				ASSETCATALOG_COMPILER_APPICON_NAME = AppIcon;
				ASSETCATALOG_COMPILER_GLOBAL_ACCENT_COLOR_NAME = AccentColor;
				CODE_SIGN_ENTITLEMENTS = HeliosLightClient/HeliosLightClient.entitlements;
				CODE_SIGN_STYLE = Automatic;
				COMBINE_HIDPI_IMAGES = YES;
				CURRENT_PROJECT_VERSION = 1;
				DEVELOPMENT_ASSET_PATHS = "\"HeliosLightClient/Preview Content\"";
				DEVELOPMENT_TEAM = 49K39S52K6;
				ENABLE_HARDENED_RUNTIME = YES;
				ENABLE_PREVIEWS = YES;
				GENERATE_INFOPLIST_FILE = YES;
				INFOPLIST_KEY_LSUIElement = YES;
				INFOPLIST_KEY_NSHumanReadableCopyright = "";
				LD_RUNPATH_SEARCH_PATHS = (
					"$(inherited)",
					"@executable_path/../Frameworks",
				);
				MACOSX_DEPLOYMENT_TARGET = 13.0;
				MARKETING_VERSION = 1.0;
				PRODUCT_BUNDLE_IDENTIFIER = com.rkreutz.HeliosLightClient;
				PRODUCT_NAME = "$(TARGET_NAME)";
				SWIFT_EMIT_LOC_STRINGS = YES;
				SWIFT_VERSION = 5.0;
			};
			name = Release;
		};
/* End XCBuildConfiguration section */

/* Begin XCConfigurationList section */
		FCD87C9329EB6884003ACDE1 /* Build configuration list for PBXProject "HeliosLightClient" */ = {
			isa = XCConfigurationList;
			buildConfigurations = (
				FCD87CA529EB6887003ACDE1 /* Debug */,
				FCD87CA629EB6887003ACDE1 /* Release */,
			);
			defaultConfigurationIsVisible = 0;
			defaultConfigurationName = Release;
		};
		FCD87CA729EB6887003ACDE1 /* Build configuration list for PBXNativeTarget "HeliosLightClient" */ = {
			isa = XCConfigurationList;
			buildConfigurations = (
				FCD87CA829EB6887003ACDE1 /* Debug */,
				FCD87CA929EB6887003ACDE1 /* Release */,
			);
			defaultConfigurationIsVisible = 0;
			defaultConfigurationName = Release;
		};
/* End XCConfigurationList section */

/* Begin XCRemoteSwiftPackageReference section */
		FCD87CAA29EB75FA003ACDE1 /* XCRemoteSwiftPackageReference "HeliosKit" */ = {
			isa = XCRemoteSwiftPackageReference;
			repositoryURL = "git@github.com:rkreutz/HeliosKit.git";
			requirement = {
				kind = upToNextMajorVersion;
				minimumVersion = 0.4.0;
			};
		};
/* End XCRemoteSwiftPackageReference section */

/* Begin XCSwiftPackageProductDependency section */
		FCD87CAB29EB75FA003ACDE1 /* HeliosKit */ = {
			isa = XCSwiftPackageProductDependency;
			package = FCD87CAA29EB75FA003ACDE1 /* XCRemoteSwiftPackageReference "HeliosKit" */;
			productName = HeliosKit;
		};
/* End XCSwiftPackageProductDependency section */
	};
	rootObject = FCD87C9029EB6884003ACDE1 /* Project object */;
}
